
Microsoft Visual Studio Solution File, Format Version 12.00
Project("{FAE04EC0-301F-11D3-BF4B-00C04F79EFBC}") = "OS3", "OS3\OS3.csproj", "{DC25551C-781B-4826-92C6-92C6FDF1CDFF}"
EndProject
Global
	GlobalSection(SolutionConfigurationPlatforms) = preSolution
		Debug|Any CPU = Debug|Any CPU
		Release|Any CPU = Release|Any CPU
	EndGlobalSection
	GlobalSection(ProjectConfigurationPlatforms) = postSolution
		{DC25551C-781B-4826-92C6-92C6FDF1CDFF}.Debug|Any CPU.ActiveCfg = Debug|Any CPU
		{DC25551C-781B-4826-92C6-92C6FDF1CDFF}.Debug|Any CPU.Build.0 = Debug|Any CPU
		{DC25551C-781B-4826-92C6-92C6FDF1CDFF}.Release|Any CPU.ActiveCfg = Release|Any CPU
		{DC25551C-781B-4826-92C6-92C6FDF1CDFF}.Release|Any CPU.Build.0 = Release|Any CPU
	EndGlobalSection
EndGlobal
